{
    "_meta": {
        "hash": {
            "sha256": "22b087e68b0eceab956ba4f36bdcecb6cd5aa5abbfb3901a6d2cc33ce463ee9c"
        },
        "pipfile-spec": 6,
        "requires": {
            "python_full_version": "3.11.9",
            "python_version": "3.11"
        },
        "sources": [
            {
                "name": "pip_conf_index_global",
                "url": "https://pypi.tuna.tsinghua.edu.cn/simple",
                "verify_ssl": false
            }
        ]
    },
    "default": {
        "mpmath": {
            "hashes": [
                "sha256:7a28eb2a9774d00c7bc92411c19a89209d5da7c4c9a9e227be8330a23a25b91f",
                "sha256:a0b2b9fe80bbcd81a6647ff13108738cfb482d481d826cc0e02f5b35e5c88d2c"
            ],
            "version": "==1.3.0"
        },
        "numpy": {
            "hashes": [
                "sha256:042b6a87c48307955049b338981ff9278fa5e7ff3166bbd0d3294f40726d22d5",
                "sha256:0557eebc699c1c34cccdd8c3778c9294e8196df27d713706895edc6f57d29608",
                "sha256:0798b138c291d792f8ea40fe3768610f3c7dd2574389e37c3f26573757c8f7ef",
                "sha256:0b6cb83ab76b101b87211ab6227e010789adf4a98ee4af07a2480d1d2f61d195",
                "sha256:0da8495970f6b101ddd0c38ace92edea30e7e12b9a926b57f5fabb1ecc25bb90",
                "sha256:0f0986e917aca18f7a567b812ef7ca9391288e2acb7a4308aa9d265bd724bdae",
                "sha256:122fd2fcfafdefc889c64ad99c228d5a1f9692c3a83f56c292618a59aa60ae83",
                "sha256:140dd80ff8981a583a60980be1a655068f8adebf7a45a06a6858c873fcdcd4a0",
                "sha256:16757cf28621e43e252c560d25b15f18a2f11da94fea344bf26c599b9cf54b73",
                "sha256:18142b497d70a34b01642b9feabb70156311b326fdddd875a9981f34a369b671",
                "sha256:1b18bf71975be1728042ba232d7406ae2f6fed8431684851fda4b909ab6e20ce",
                "sha256:1c92113619f7b272838b8d6702a7f8ebe5edea0df48166c47929611d0b4dea69",
                "sha256:1e25507d85da11ff5066269d0bd25d06e0a0f2e908415534f3e603d2a78e4ffa",
                "sha256:27f2593fe479dff6f4398563ca2fbf7a416fd8d3a8ad7a35fecbc8ba959000ab",
                "sha256:2f7861ff2b862e2536f2256acf5dcf1909e927a5f5e940dfd488eecd178a96b6",
                "sha256:30bf971c12e4365153afb31fc73f441d4da157153f3400b82db32d04de1e4066",
                "sha256:3579eaeb5e07f3ded59298ce22b65f877a86ba8e9fe701f5576c99bb17c283da",
                "sha256:36b2b43146f646642b425dd2027730f99bac962618ec2052932157e213a040e9",
                "sha256:37e6413ed8f66df534631058771ca362939e243da725b5e8537d8c64b664e9b2",
                "sha256:38405f26748e7ed4c7b31e5f8c24f385e1daf4954628f6143f5a09047e220ca9",
                "sha256:3905a5fffcc23e597ee4d9fb3fcd209bd658c352657548db7316e810ca80458e",
                "sha256:3a4199f519e57d517ebd48cb76b36c82da0360781c6a0353e64c0cac30ecaad3",
                "sha256:3e80348e6d187573dc2bb6b1d862fc32353db371ae063d25b2199f65adc96ff1",
                "sha256:3f0d900e60e783fa9965729fa2a17021add82d769bf298cdb407abcbbf316e28",
                "sha256:3f2f5cddeaa4424a0a118924b988746db6ffa8565e5829b1841a8a3bd73eb59a",
                "sha256:40deb10198bbaa531509aad0cd2f9fadb26c8b94070831e2208e7df543562b74",
                "sha256:4332ddb4f40e85f6cdf1594279b35e847a20054c3269f7f2e848b6075cb8f4b3",
                "sha256:440cfb3db4c5029775803794f8638fbdbf71ec702caf32735f53b008e1eaece3",
                "sha256:44d55304a7397d6e89707af99ea8e980a101a7ff01dd768aaaca16b2312c799b",
                "sha256:4723a50e1523e1de4fccd1b9a6dcea750c2102461e9a02b2ac55ffeae09a4410",
                "sha256:4bddbaa30d78c86329b26bd6aaaea06b1e47444da99eddac7bf1e2fab717bd72",
                "sha256:4e58666988605e251d42c2818c7d3d8991555381be26399303053b58a5bbf30d",
                "sha256:54dc1d6d66f8d37843ed281773c7174f03bf7ad826523f73435deb88ba60d2d4",
                "sha256:5776d7b395dcf180bc807a9374aca05b6569e5e5e4bdcbf112aa452a471405e0",
                "sha256:57fcc997ffc0bef234b8875a54d4058afa92b0b0c4223fc1f62f24b3b5e86038",
                "sha256:58b92a5828bd4d9aa0952492b7de803135038de47343b2aa3cc23f3b71a3dc4e",
                "sha256:598b88170e0f361d2f6d8cc9ec18d798af07a2e9b30b95ba2d76415b7c3cc433",
                "sha256:5a145e956b374e72ad1dff82779177d4a3c62bc8248f41b80cb5122e68f22d13",
                "sha256:5ac124ab756ad56a14cdfcdc69cc220befbfb1162fdf3ca4f6eb1a0ace634c56",
                "sha256:5d7a819d4d31bf9998c907105d97a082919b659ff8d44cef2c4f78d0ac16af47",
                "sha256:61915861927b8e20223b7ccbe40ebf3f52220c0fca43be8423087348c7c00418",
                "sha256:61a04f035bd4f87d6c0592eaa06061f9f16bf0e11d546e3b9252ccf83f0917a6",
                "sha256:64b994b9054ab051d137fff61bb6244aa1e7a80defa42c507355b562cc44a561",
                "sha256:67d2f5c34f231e7ed59189c20f8b7472b77cff85277bcd80537417eee61977db",
                "sha256:6ab153263a7c5ccaf6dfe7e53447b74f77789f28ecb278c3b5d49db7ece10d6d",
                "sha256:72fa15a5f801faf598e6633a6efcb5661085f509f8f6631a0c2c86be06631b78",
                "sha256:7832f9e8eb00be32f15fdfb9a981d6955ea9adc8574c521d48710171b6c55e95",
                "sha256:7925618745531971be54a87e0b85dfe83c69dac9dfd8e46c8aaae520af05792b",
                "sha256:7a3261b3b7d1403a65112dbad568eee7de596cebd0267e27e7daaa9e08dd396a",
                "sha256:7bd86cdae85da5fa8763fbe9acfdb4748e1f10bef5e6524bffdfdd2b21bfd56f",
                "sha256:7fe4bb0695fe986a9e4deec3b6857003b4cfe5c5e4aac0b95f6a658c14635e31",
                "sha256:7fe8f3583e0607ad4e43a954e35c1748b553bfe9fdac8635c02058023277d1b3",
                "sha256:85ad7d11b309bd132d74397fcf2920933c9d1dc865487128f5c03d580f2c3d03",
                "sha256:8815f7e6d48dbcf4f14704d79b90c8fee1a68a42886d42e9c8209092e684bd99",
                "sha256:8a25595d5951ad46bec827dfee09328b8da041fc3f7f13f63880274ed4ec215e",
                "sha256:8c3cd769a38a363fe21077ad137ee43be639464e5f257821a4cc4d4e2016deea",
                "sha256:8c43d7beaab6509f1467175cc7cfdcc048581b91ba55e149cc39af758209b166",
                "sha256:8d7de626a5e554b074890258e63d0b06eff2af48da034fe5ffef8743578b1e0b",
                "sha256:8fb79fe9bfefb2b43f701090f70413fb535f10bfdfab1981b7c02bd406cc39dd",
                "sha256:94251286fd3cec5552f217030af4cae68f7a1db4f1791765e597b6d9c0a7647a",
                "sha256:9874bc2ff574c40ab7a5cbb7464bf9b045d617e36754a7bc93f933d52bd9ffc6",
                "sha256:9c3bdfe13209bf4f81aea5f8dd2843ab17c9a9273133d491c220636bfd51432d",
                "sha256:a184288538e6ad699cbe6b24859206e38ce5fba28f3bcfa51c90d0502c1582b2",
                "sha256:a222d764352c773aa5ebde02dd84dba3279c81c6db2e482d62a3fa54e5ece69b",
                "sha256:a50aeff71d0f97b6450d33940c7181b08be1441c6c193e678211bff11aa725e7",
                "sha256:a55dc7a7f0b6198b07ec0cd445fbb98b05234e8b00c5ac4874a63372ba98d4ab",
                "sha256:a62eb442011776e4036af5c8b1a00b706c5bc02dc15eb5344b0c750428c94219",
                "sha256:a783f561c34be98eb25f8cce029b63434d2dfe79702a1d53e9a0fd63c0391dc8",
                "sha256:a7d41d1612c1a82b64697e894b75db6758d4f21c3ec069d841e60ebe54b5b571",
                "sha256:a87c1a4d808de26157440153bb9c51d7dc4778c6cd730026406298b75fa5c2df",
                "sha256:a98f6f20465e7618c83252c02041517bd2f7ea29be5378f09667a8f654a5918d",
                "sha256:acd4f4e9f8c3c04c9a695333d4f475ec2f7a577342b469b411f7ffb2a2888fdc",
                "sha256:aed72fe759ada921342b4a8ae0893cc7778b07d2f36a78445c70d5ea633c3b25",
                "sha256:afe8fb968743d40435c3827632fd36c5fbde633b0423da7692e426529b1759b1",
                "sha256:b0b227dcff8cdc3efbce66d4e50891f04d0a387cce282fe1e66199146a6a8fca",
                "sha256:b0b742731c2721445a03e469f286c9ddf15dd80e52622ea4487ddc10a7869fe9",
                "sha256:b30042fe92dbd79f1ba7f6898fada10bdaad1847c44f2dff9a16147e00a93661",
                "sha256:b606b1aaf802e6468c2608c65ff7ece53eae1a6874b3765f69b8ceb20c5fa78e",
                "sha256:b6207dc8fb3c8cb5668e885cef9ec7f70189bec4e276f0ff70d5aa078d32c88e",
                "sha256:c2aed8fcf8abc3020d6a9ccb31dbc9e7d7819c56a348cc88fd44be269b37427e",
                "sha256:c2ef440fc343cc11e8e1591bf77b0f4f21b0684feabdf7b3ec3d768b8cce7a05",
                "sha256:c335bd4e3395b8209a011b97e5f9876092fb2dc283933d39620a30c1fa82dfab",
                "sha256:c940b9623e29db06b7d0d3c93c560d42bbd73a76f6d27c41d3fd09c0a15f7773",
                "sha256:cb24cca1968b21355cc6f3da1a20cd1cebd8a023e3c5b09b432444617949085a",
                "sha256:cff210198bb4cae3f3c100444c5eaa573a823f05c253e7188e1362a5555235b3",
                "sha256:d0db426baa0d9547d9ac3ea08110e9bba400fab7a036235d9baddf61fd931af8",
                "sha256:d12bf735dc4e7dfa8c66b2fd47547bcf91c9996585324959e2c5a2f5360e1c8f",
                "sha256:d35717333b39d1b6bb8433fa758a55f1081543de527171543a2b710551d40881",
                "sha256:d3c343e027351fbb3f7ddb0024857cd10837d6a77b40b33e39ff6706ed7ceec1",
                "sha256:d4bbc95647ce01252827d4c6ea5de42460ea66d75831333f2b92f088b60e1b43",
                "sha256:d8d13dd7b6f1f14c43ff68e81c8edcb035f572d87507b5f629e78a7d8c61e9f4",
                "sha256:dc532dd1c767864614f383cad63edf864f78df3533b6444d94af099583c8fb39",
                "sha256:dc86f8502db8dfbe3474a34395e453849d03f0717227f7bda57a235cbbee3575",
                "sha256:ddb4720b057048d7ac3ce973256e89e1e7481f71b5a214a0a3be936aeda014e7",
                "sha256:def9537da892cd995f81646df94021fbf0dce690d518daaabc0902bc8ce42cd9",
                "sha256:df12a1f99b99f569a7c2ae59aa2d31724e8d835fc7f33e14f4792e3071d11221",
                "sha256:e09d40edfdb4e260cb1567d8ae770ccf3b8b7e9f0d9b5c2a9992696b30ce2742",
                "sha256:e12c6c1ce84628c52d6367863773f7c8c8241be554e8b79686e91a43f1733773",
                "sha256:e2b8cd48a9942ed3f85b95ca4105c45758438c7ed28fff1e4ce3e57c3b589d8e",
                "sha256:e2d4b5a37cf5df43ffdabe0ebea150d5ec0a1796ad7122b3a780f1ab646708c8",
                "sha256:e500aba968a48e9019e42c0c199b7ec0696a97fa69037bea163b55398e390529",
                "sha256:e515a7d5f5e1b32eb9e761de4f0327aceee27ec07cc655d26424a5e86d3c8d0d",
                "sha256:ebe5e59545401fbb1b24da76f006ab19734ae71e703cdb4a8b347e84a0cece67",
                "sha256:ecc601c633667ea5eed0c16f987e4c715ee951d0bfa3658f76b690e8dceaddfd",
                "sha256:f0dd071b95bbca244f4cb7f70b77d2ff3aaaba7fa16dc41f58d14854a6204e6c",
                "sha256:f2b59a4e85367107dced5b3c7374a5e828ddb7c5c4e1d98176d09b177e23edd0",
                "sha256:f721298f4c39b4619b16ba0d341ff5e043d4123dfb796bd84835538bf8abad2b",
                "sha256:f8c8b141ef9699ae777c6278b52c706b653bf15d135d302754f6b2e90eb30367",
                "sha256:fd3981aa01428eef69fe5ff2e97e3ca8e65e677ffacc7c447e164ae2aaf521fb",
                "sha256:ffaa01305af250d733d9940c694d206a0c7d1ea2bd5a01bcb5ff7e48c3e6adac"
            ],
            "index": "pip_conf_index_global",
            "markers": "python_version >= '3.10'",
            "version": "==2.2.0"
        },
        "sympy": {
            "hashes": [
                "sha256:54612cf55a62755ee71824ce692986f23c88ffa77207b30c1368eda4a7060f73",
                "sha256:b27fd2c6530e0ab39e275fc9b683895367e51d5da91baa8d3d64db2565fec4d9"
            ],
            "index": "pip_conf_index_global",
            "markers": "python_version >= '3.8'",
            "version": "==1.13.3"
        }
    },
    "develop": {}
}
